
Microsoft Visual Studio Solution File, Format Version 12.00
# Visual Studio Version 16
VisualStudioVersion = 16.0.29503.13
MinimumVisualStudioVersion = 10.0.40219.1
Project("{FAE04EC0-301F-11D3-BF4B-00C04F79EFBC}") = "LearnASPNETCoreMVCWithRealApps", "LearnASPNETCoreMVCWithRealApps\LearnASPNETCoreMVCWithRealApps.csproj", "{68FD9010-27C2-4C0D-AD61-A611F614B79E}"
EndProject
Global
	GlobalSection(SolutionConfigurationPlatforms) = preSolution
		Debug|Any CPU = Debug|Any CPU
		Release|Any CPU = Release|Any CPU
	EndGlobalSection
	GlobalSection(ProjectConfigurationPlatforms) = postSolution
		{68FD9010-27C2-4C0D-AD61-A611F614B79E}.Debug|Any CPU.ActiveCfg = Debug|Any CPU
		{68FD9010-27C2-4C0D-AD61-A611F614B79E}.Debug|Any CPU.Build.0 = Debug|Any CPU
		{68FD9010-27C2-4C0D-AD61-A611F614B79E}.Release|Any CPU.ActiveCfg = Release|Any CPU
		{68FD9010-27C2-4C0D-AD61-A611F614B79E}.Release|Any CPU.Build.0 = Release|Any CPU
	EndGlobalSection
	GlobalSection(SolutionProperties) = preSolution
		HideSolutionNode = FALSE
	EndGlobalSection
	GlobalSection(ExtensibilityGlobals) = postSolution
		SolutionGuid = {42E6B86F-EB8B-44A3-AFD3-F45110E07115}
	EndGlobalSection
EndGlobal
